
Microsoft Visual Studio Solution File, Format Version 12.00
# Visual Studio 15
VisualStudioVersion = 15.0.27130.2036
MinimumVisualStudioVersion = 10.0.40219.1
Project("{FAE04EC0-301F-11D3-BF4B-00C04F79EFBC}") = "Clicker.Android", "Clicker\Clicker.Android\Clicker.Android.csproj", "{8ECD5F97-D1FF-41BD-9D6A-9983CE1B143E}"
EndProject
Project("{FAE04EC0-301F-11D3-BF4B-00C04F79EFBC}") = "Clicker.iOS", "Clicker\Clicker.iOS\Clicker.iOS.csproj", "{514B1BA3-7BF8-4FEC-AC73-9D28346C6C84}"
EndProject
Project("{FAE04EC0-301F-11D3-BF4B-00C04F79EFBC}") = "Clicker.UWP", "Clicker\Clicker.UWP\Clicker.UWP.csproj", "{1D8170E1-E595-42AF-A07B-8DF31987AFED}"
EndProject
Project("{FAE04EC0-301F-11D3-BF4B-00C04F79EFBC}") = "Clicker", "Clicker\Clicker\Clicker.csproj", "{2537E47B-28DD-42F3-9DDC-E8E6CEB79E9B}"
EndProject
Global
	GlobalSection(SolutionConfigurationPlatforms) = preSolution
		Ad-Hoc|Any CPU = Ad-Hoc|Any CPU
		Ad-Hoc|ARM = Ad-Hoc|ARM
		Ad-Hoc|iPhone = Ad-Hoc|iPhone
		Ad-Hoc|iPhoneSimulator = Ad-Hoc|iPhoneSimulator
		Ad-Hoc|x64 = Ad-Hoc|x64
		Ad-Hoc|x86 = Ad-Hoc|x86
		AppStore|Any CPU = AppStore|Any CPU
		AppStore|ARM = AppStore|ARM
		AppStore|iPhone = AppStore|iPhone
		AppStore|iPhoneSimulator = AppStore|iPhoneSimulator
		AppStore|x64 = AppStore|x64
		AppStore|x86 = AppStore|x86
		Debug|Any CPU = Debug|Any CPU
		Debug|ARM = Debug|ARM
		Debug|iPhone = Debug|iPhone
		Debug|iPhoneSimulator = Debug|iPhoneSimulator
		Debug|x64 = Debug|x64
		Debug|x86 = Debug|x86
		Release|Any CPU = Release|Any CPU
		Release|ARM = Release|ARM
		Release|iPhone = Release|iPhone
		Release|iPhoneSimulator = Release|iPhoneSimulator
		Release|x64 = Release|x64
		Release|x86 = Release|x86
	EndGlobalSection
	GlobalSection(ProjectConfigurationPlatforms) = postSolution
		{8ECD5F97-D1FF-41BD-9D6A-9983CE1B143E}.Ad-Hoc|Any CPU.ActiveCfg = Release|Any CPU
		{8ECD5F97-D1FF-41BD-9D6A-9983CE1B143E}.Ad-Hoc|Any CPU.Build.0 = Release|Any CPU
		{8ECD5F97-D1FF-41BD-9D6A-9983CE1B143E}.Ad-Hoc|Any CPU.Deploy.0 = Release|Any CPU
		{8ECD5F97-D1FF-41BD-9D6A-9983CE1B143E}.Ad-Hoc|ARM.ActiveCfg = Release|Any CPU
		{8ECD5F97-D1FF-41BD-9D6A-9983CE1B143E}.Ad-Hoc|ARM.Build.0 = Release|Any CPU
		{8ECD5F97-D1FF-41BD-9D6A-9983CE1B143E}.Ad-Hoc|ARM.Deploy.0 = Release|Any CPU
		{8ECD5F97-D1FF-41BD-9D6A-9983CE1B143E}.Ad-Hoc|iPhone.ActiveCfg = Release|Any CPU
		{8ECD5F97-D1FF-41BD-9D6A-9983CE1B143E}.Ad-Hoc|iPhone.Build.0 = Release|Any CPU
		{8ECD5F97-D1FF-41BD-9D6A-9983CE1B143E}.Ad-Hoc|iPhone.Deploy.0 = Release|Any CPU
		{8ECD5F97-D1FF-41BD-9D6A-9983CE1B143E}.Ad-Hoc|iPhoneSimulator.ActiveCfg = Release|Any CPU
		{8ECD5F97-D1FF-41BD-9D6A-9983CE1B143E}.Ad-Hoc|iPhoneSimulator.Build.0 = Release|Any CPU
		{8ECD5F97-D1FF-41BD-9D6A-9983CE1B143E}.Ad-Hoc|iPhoneSimulator.Deploy.0 = Release|Any CPU
		{8ECD5F97-D1FF-41BD-9D6A-9983CE1B143E}.Ad-Hoc|x64.ActiveCfg = Release|Any CPU
		{8ECD5F97-D1FF-41BD-9D6A-9983CE1B143E}.Ad-Hoc|x64.Build.0 = Release|Any CPU
		{8ECD5F97-D1FF-41BD-9D6A-9983CE1B143E}.Ad-Hoc|x64.Deploy.0 = Release|Any CPU
		{8ECD5F97-D1FF-41BD-9D6A-9983CE1B143E}.Ad-Hoc|x86.ActiveCfg = Release|Any CPU
		{8ECD5F97-D1FF-41BD-9D6A-9983CE1B143E}.Ad-Hoc|x86.Build.0 = Release|Any CPU
		{8ECD5F97-D1FF-41BD-9D6A-9983CE1B143E}.Ad-Hoc|x86.Deploy.0 = Release|Any CPU
		{8ECD5F97-D1FF-41BD-9D6A-9983CE1B143E}.AppStore|Any CPU.ActiveCfg = Release|Any CPU
		{8ECD5F97-D1FF-41BD-9D6A-9983CE1B143E}.AppStore|Any CPU.Build.0 = Release|Any CPU
		{8ECD5F97-D1FF-41BD-9D6A-9983CE1B143E}.AppStore|Any CPU.Deploy.0 = Release|Any CPU
		{8ECD5F97-D1FF-41BD-9D6A-9983CE1B143E}.AppStore|ARM.ActiveCfg = Release|Any CPU
		{8ECD5F97-D1FF-41BD-9D6A-9983CE1B143E}.AppStore|ARM.Build.0 = Release|Any CPU
		{8ECD5F97-D1FF-41BD-9D6A-9983CE1B143E}.AppStore|ARM.Deploy.0 = Release|Any CPU
		{8ECD5F97-D1FF-41BD-9D6A-9983CE1B143E}.AppStore|iPhone.ActiveCfg = Release|Any CPU
		{8ECD5F97-D1FF-41BD-9D6A-9983CE1B143E}.AppStore|iPhone.Build.0 = Release|Any CPU
		{8ECD5F97-D1FF-41BD-9D6A-9983CE1B143E}.AppStore|iPhone.Deploy.0 = Release|Any CPU
		{8ECD5F97-D1FF-41BD-9D6A-9983CE1B143E}.AppStore|iPhoneSimulator.ActiveCfg = Release|Any CPU
		{8ECD5F97-D1FF-41BD-9D6A-9983CE1B143E}.AppStore|iPhoneSimulator.Build.0 = Release|Any CPU
		{8ECD5F97-D1FF-41BD-9D6A-9983CE1B143E}.AppStore|iPhoneSimulator.Deploy.0 = Release|Any CPU
		{8ECD5F97-D1FF-41BD-9D6A-9983CE1B143E}.AppStore|x64.ActiveCfg = Release|Any CPU
		{8ECD5F97-D1FF-41BD-9D6A-9983CE1B143E}.AppStore|x64.Build.0 = Release|Any CPU
		{8ECD5F97-D1FF-41BD-9D6A-9983CE1B143E}.AppStore|x64.Deploy.0 = Release|Any CPU
		{8ECD5F97-D1FF-41BD-9D6A-9983CE1B143E}.AppStore|x86.ActiveCfg = Release|Any CPU
		{8ECD5F97-D1FF-41BD-9D6A-9983CE1B143E}.AppStore|x86.Build.0 = Release|Any CPU
		{8ECD5F97-D1FF-41BD-9D6A-9983CE1B143E}.AppStore|x86.Deploy.0 = Release|Any CPU
		{8ECD5F97-D1FF-41BD-9D6A-9983CE1B143E}.Debug|Any CPU.ActiveCfg = Debug|Any CPU
		{8ECD5F97-D1FF-41BD-9D6A-9983CE1B143E}.Debug|Any CPU.Build.0 = Debug|Any CPU
		{8ECD5F97-D1FF-41BD-9D6A-9983CE1B143E}.Debug|Any CPU.Deploy.0 = Debug|Any CPU
		{8ECD5F97-D1FF-41BD-9D6A-9983CE1B143E}.Debug|ARM.ActiveCfg = Debug|Any CPU
		{8ECD5F97-D1FF-41BD-9D6A-9983CE1B143E}.Debug|ARM.Build.0 = Debug|Any CPU
		{8ECD5F97-D1FF-41BD-9D6A-9983CE1B143E}.Debug|ARM.Deploy.0 = Debug|Any CPU
		{8ECD5F97-D1FF-41BD-9D6A-9983CE1B143E}.Debug|iPhone.ActiveCfg = Debug|Any CPU
		{8ECD5F97-D1FF-41BD-9D6A-9983CE1B143E}.Debug|iPhone.Build.0 = Debug|Any CPU
		{8ECD5F97-D1FF-41BD-9D6A-9983CE1B143E}.Debug|iPhone.Deploy.0 = Debug|Any CPU
		{8ECD5F97-D1FF-41BD-9D6A-9983CE1B143E}.Debug|iPhoneSimulator.ActiveCfg = Debug|Any CPU
		{8ECD5F97-D1FF-41BD-9D6A-9983CE1B143E}.Debug|iPhoneSimulator.Build.0 = Debug|Any CPU
		{8ECD5F97-D1FF-41BD-9D6A-9983CE1B143E}.Debug|iPhoneSimulator.Deploy.0 = Debug|Any CPU
		{8ECD5F97-D1FF-41BD-9D6A-9983CE1B143E}.Debug|x64.ActiveCfg = Debug|Any CPU
		{8ECD5F97-D1FF-41BD-9D6A-9983CE1B143E}.Debug|x64.Build.0 = Debug|Any CPU
		{8ECD5F97-D1FF-41BD-9D6A-9983CE1B143E}.Debug|x64.Deploy.0 = Debug|Any CPU
		{8ECD5F97-D1FF-41BD-9D6A-9983CE1B143E}.Debug|x86.ActiveCfg = Debug|Any CPU
		{8ECD5F97-D1FF-41BD-9D6A-9983CE1B143E}.Debug|x86.Build.0 = Debug|Any CPU
		{8ECD5F97-D1FF-41BD-9D6A-9983CE1B143E}.Debug|x86.Deploy.0 = Debug|Any CPU
		{8ECD5F97-D1FF-41BD-9D6A-9983CE1B143E}.Release|Any CPU.ActiveCfg = Release|Any CPU
		{8ECD5F97-D1FF-41BD-9D6A-9983CE1B143E}.Release|Any CPU.Build.0 = Release|Any CPU
		{8ECD5F97-D1FF-41BD-9D6A-9983CE1B143E}.Release|Any CPU.Deploy.0 = Release|Any CPU
		{8ECD5F97-D1FF-41BD-9D6A-9983CE1B143E}.Release|ARM.ActiveCfg = Release|Any CPU
		{8ECD5F97-D1FF-41BD-9D6A-9983CE1B143E}.Release|ARM.Build.0 = Release|Any CPU
		{8ECD5F97-D1FF-41BD-9D6A-9983CE1B143E}.Release|ARM.Deploy.0 = Release|Any CPU
		{8ECD5F97-D1FF-41BD-9D6A-9983CE1B143E}.Release|iPhone.ActiveCfg = Release|Any CPU
		{8ECD5F97-D1FF-41BD-9D6A-9983CE1B143E}.Release|iPhone.Build.0 = Release|Any CPU
		{8ECD5F97-D1FF-41BD-9D6A-9983CE1B143E}.Release|iPhone.Deploy.0 = Release|Any CPU
		{8ECD5F97-D1FF-41BD-9D6A-9983CE1B143E}.Release|iPhoneSimulator.ActiveCfg = Release|Any CPU
		{8ECD5F97-D1FF-41BD-9D6A-9983CE1B143E}.Release|iPhoneSimulator.Build.0 = Release|Any CPU
		{8ECD5F97-D1FF-41BD-9D6A-9983CE1B143E}.Release|iPhoneSimulator.Deploy.0 = Release|Any CPU
		{8ECD5F97-D1FF-41BD-9D6A-9983CE1B143E}.Release|x64.ActiveCfg = Release|Any CPU
		{8ECD5F97-D1FF-41BD-9D6A-9983CE1B143E}.Release|x64.Build.0 = Release|Any CPU
		{8ECD5F97-D1FF-41BD-9D6A-9983CE1B143E}.Release|x64.Deploy.0 = Release|Any CPU
		{8ECD5F97-D1FF-41BD-9D6A-9983CE1B143E}.Release|x86.ActiveCfg = Release|Any CPU
		{8ECD5F97-D1FF-41BD-9D6A-9983CE1B143E}.Release|x86.Build.0 = Release|Any CPU
		{8ECD5F97-D1FF-41BD-9D6A-9983CE1B143E}.Release|x86.Deploy.0 = Release|Any CPU
		{514B1BA3-7BF8-4FEC-AC73-9D28346C6C84}.Ad-Hoc|Any CPU.ActiveCfg = Ad-Hoc|iPhone
		{514B1BA3-7BF8-4FEC-AC73-9D28346C6C84}.Ad-Hoc|ARM.ActiveCfg = Ad-Hoc|iPhone
		{514B1BA3-7BF8-4FEC-AC73-9D28346C6C84}.Ad-Hoc|iPhone.ActiveCfg = Ad-Hoc|iPhone
		{514B1BA3-7BF8-4FEC-AC73-9D28346C6C84}.Ad-Hoc|iPhone.Build.0 = Ad-Hoc|iPhone
		{514B1BA3-7BF8-4FEC-AC73-9D28346C6C84}.Ad-Hoc|iPhoneSimulator.ActiveCfg = Ad-Hoc|iPhoneSimulator
		{514B1BA3-7BF8-4FEC-AC73-9D28346C6C84}.Ad-Hoc|iPhoneSimulator.Build.0 = Ad-Hoc|iPhoneSimulator
		{514B1BA3-7BF8-4FEC-AC73-9D28346C6C84}.Ad-Hoc|x64.ActiveCfg = Ad-Hoc|iPhone
		{514B1BA3-7BF8-4FEC-AC73-9D28346C6C84}.Ad-Hoc|x86.ActiveCfg = Ad-Hoc|iPhone
		{514B1BA3-7BF8-4FEC-AC73-9D28346C6C84}.AppStore|Any CPU.ActiveCfg = AppStore|iPhone
		{514B1BA3-7BF8-4FEC-AC73-9D28346C6C84}.AppStore|ARM.ActiveCfg = AppStore|iPhone
		{514B1BA3-7BF8-4FEC-AC73-9D28346C6C84}.AppStore|iPhone.ActiveCfg = AppStore|iPhone
		{514B1BA3-7BF8-4FEC-AC73-9D28346C6C84}.AppStore|iPhone.Build.0 = AppStore|iPhone
		{514B1BA3-7BF8-4FEC-AC73-9D28346C6C84}.AppStore|iPhoneSimulator.ActiveCfg = AppStore|iPhoneSimulator
		{514B1BA3-7BF8-4FEC-AC73-9D28346C6C84}.AppStore|iPhoneSimulator.Build.0 = AppStore|iPhoneSimulator
		{514B1BA3-7BF8-4FEC-AC73-9D28346C6C84}.AppStore|x64.ActiveCfg = AppStore|iPhone
		{514B1BA3-7BF8-4FEC-AC73-9D28346C6C84}.AppStore|x86.ActiveCfg = AppStore|iPhone
		{514B1BA3-7BF8-4FEC-AC73-9D28346C6C84}.Debug|Any CPU.ActiveCfg = Debug|iPhone
		{514B1BA3-7BF8-4FEC-AC73-9D28346C6C84}.Debug|ARM.ActiveCfg = Debug|iPhone
		{514B1BA3-7BF8-4FEC-AC73-9D28346C6C84}.Debug|iPhone.ActiveCfg = Debug|iPhone
		{514B1BA3-7BF8-4FEC-AC73-9D28346C6C84}.Debug|iPhone.Build.0 = Debug|iPhone
		{514B1BA3-7BF8-4FEC-AC73-9D28346C6C84}.Debug|iPhoneSimulator.ActiveCfg = Debug|iPhoneSimulator
		{514B1BA3-7BF8-4FEC-AC73-9D28346C6C84}.Debug|iPhoneSimulator.Build.0 = Debug|iPhoneSimulator
		{514B1BA3-7BF8-4FEC-AC73-9D28346C6C84}.Debug|x64.ActiveCfg = Debug|iPhone
		{514B1BA3-7BF8-4FEC-AC73-9D28346C6C84}.Debug|x86.ActiveCfg = Debug|iPhone
		{514B1BA3-7BF8-4FEC-AC73-9D28346C6C84}.Release|Any CPU.ActiveCfg = Release|iPhone
		{514B1BA3-7BF8-4FEC-AC73-9D28346C6C84}.Release|ARM.ActiveCfg = Release|iPhone
		{514B1BA3-7BF8-4FEC-AC73-9D28346C6C84}.Release|iPhone.ActiveCfg = Release|iPhone
		{514B1BA3-7BF8-4FEC-AC73-9D28346C6C84}.Release|iPhone.Build.0 = Release|iPhone
		{514B1BA3-7BF8-4FEC-AC73-9D28346C6C84}.Release|iPhoneSimulator.ActiveCfg = Release|iPhoneSimulator
		{514B1BA3-7BF8-4FEC-AC73-9D28346C6C84}.Release|iPhoneSimulator.Build.0 = Release|iPhoneSimulator
		{514B1BA3-7BF8-4FEC-AC73-9D28346C6C84}.Release|x64.ActiveCfg = Release|iPhone
		{514B1BA3-7BF8-4FEC-AC73-9D28346C6C84}.Release|x86.ActiveCfg = Release|iPhone
		{1D8170E1-E595-42AF-A07B-8DF31987AFED}.Ad-Hoc|Any CPU.ActiveCfg = Release|x86
		{1D8170E1-E595-42AF-A07B-8DF31987AFED}.Ad-Hoc|Any CPU.Build.0 = Release|x86
		{1D8170E1-E595-42AF-A07B-8DF31987AFED}.Ad-Hoc|Any CPU.Deploy.0 = Release|x86
		{1D8170E1-E595-42AF-A07B-8DF31987AFED}.Ad-Hoc|ARM.ActiveCfg = Release|ARM
		{1D8170E1-E595-42AF-A07B-8DF31987AFED}.Ad-Hoc|ARM.Build.0 = Release|ARM
		{1D8170E1-E595-42AF-A07B-8DF31987AFED}.Ad-Hoc|ARM.Deploy.0 = Release|ARM
		{1D8170E1-E595-42AF-A07B-8DF31987AFED}.Ad-Hoc|iPhone.ActiveCfg = Release|x86
		{1D8170E1-E595-42AF-A07B-8DF31987AFED}.Ad-Hoc|iPhone.Build.0 = Release|x86
		{1D8170E1-E595-42AF-A07B-8DF31987AFED}.Ad-Hoc|iPhone.Deploy.0 = Release|x86
		{1D8170E1-E595-42AF-A07B-8DF31987AFED}.Ad-Hoc|iPhoneSimulator.ActiveCfg = Release|x86
		{1D8170E1-E595-42AF-A07B-8DF31987AFED}.Ad-Hoc|iPhoneSimulator.Build.0 = Release|x86
		{1D8170E1-E595-42AF-A07B-8DF31987AFED}.Ad-Hoc|iPhoneSimulator.Deploy.0 = Release|x86
		{1D8170E1-E595-42AF-A07B-8DF31987AFED}.Ad-Hoc|x64.ActiveCfg = Release|x64
		{1D8170E1-E595-42AF-A07B-8DF31987AFED}.Ad-Hoc|x64.Build.0 = Release|x64
		{1D8170E1-E595-42AF-A07B-8DF31987AFED}.Ad-Hoc|x64.Deploy.0 = Release|x64
		{1D8170E1-E595-42AF-A07B-8DF31987AFED}.Ad-Hoc|x86.ActiveCfg = Release|x86
		{1D8170E1-E595-42AF-A07B-8DF31987AFED}.Ad-Hoc|x86.Build.0 = Release|x86
		{1D8170E1-E595-42AF-A07B-8DF31987AFED}.Ad-Hoc|x86.Deploy.0 = Release|x86
		{1D8170E1-E595-42AF-A07B-8DF31987AFED}.AppStore|Any CPU.ActiveCfg = Release|x86
		{1D8170E1-E595-42AF-A07B-8DF31987AFED}.AppStore|Any CPU.Build.0 = Release|x86
		{1D8170E1-E595-42AF-A07B-8DF31987AFED}.AppStore|Any CPU.Deploy.0 = Release|x86
		{1D8170E1-E595-42AF-A07B-8DF31987AFED}.AppStore|ARM.ActiveCfg = Release|ARM
		{1D8170E1-E595-42AF-A07B-8DF31987AFED}.AppStore|ARM.Build.0 = Release|ARM
		{1D8170E1-E595-42AF-A07B-8DF31987AFED}.AppStore|ARM.Deploy.0 = Release|ARM
		{1D8170E1-E595-42AF-A07B-8DF31987AFED}.AppStore|iPhone.ActiveCfg = Release|x86
		{1D8170E1-E595-42AF-A07B-8DF31987AFED}.AppStore|iPhone.Build.0 = Release|x86
		{1D8170E1-E595-42AF-A07B-8DF31987AFED}.AppStore|iPhone.Deploy.0 = Release|x86
		{1D8170E1-E595-42AF-A07B-8DF31987AFED}.AppStore|iPhoneSimulator.ActiveCfg = Release|x86
		{1D8170E1-E595-42AF-A07B-8DF31987AFED}.AppStore|iPhoneSimulator.Build.0 = Release|x86
		{1D8170E1-E595-42AF-A07B-8DF31987AFED}.AppStore|iPhoneSimulator.Deploy.0 = Release|x86
		{1D8170E1-E595-42AF-A07B-8DF31987AFED}.AppStore|x64.ActiveCfg = Release|x64
		{1D8170E1-E595-42AF-A07B-8DF31987AFED}.AppStore|x64.Build.0 = Release|x64
		{1D8170E1-E595-42AF-A07B-8DF31987AFED}.AppStore|x64.Deploy.0 = Release|x64
		{1D8170E1-E595-42AF-A07B-8DF31987AFED}.AppStore|x86.ActiveCfg = Release|x86
		{1D8170E1-E595-42AF-A07B-8DF31987AFED}.AppStore|x86.Build.0 = Release|x86
		{1D8170E1-E595-42AF-A07B-8DF31987AFED}.AppStore|x86.Deploy.0 = Release|x86
		{1D8170E1-E595-42AF-A07B-8DF31987AFED}.Debug|Any CPU.ActiveCfg = Debug|x86
		{1D8170E1-E595-42AF-A07B-8DF31987AFED}.Debug|ARM.ActiveCfg = Debug|ARM
		{1D8170E1-E595-42AF-A07B-8DF31987AFED}.Debug|ARM.Build.0 = Debug|ARM
		{1D8170E1-E595-42AF-A07B-8DF31987AFED}.Debug|ARM.Deploy.0 = Debug|ARM
		{1D8170E1-E595-42AF-A07B-8DF31987AFED}.Debug|iPhone.ActiveCfg = Debug|x86
		{1D8170E1-E595-42AF-A07B-8DF31987AFED}.Debug|iPhoneSimulator.ActiveCfg = Debug|x86
		{1D8170E1-E595-42AF-A07B-8DF31987AFED}.Debug|x64.ActiveCfg = Debug|x64
		{1D8170E1-E595-42AF-A07B-8DF31987AFED}.Debug|x64.Build.0 = Debug|x64
		{1D8170E1-E595-42AF-A07B-8DF31987AFED}.Debug|x64.Deploy.0 = Debug|x64
		{1D8170E1-E595-42AF-A07B-8DF31987AFED}.Debug|x86.ActiveCfg = Debug|x86
		{1D8170E1-E595-42AF-A07B-8DF31987AFED}.Debug|x86.Build.0 = Debug|x86
		{1D8170E1-E595-42AF-A07B-8DF31987AFED}.Debug|x86.Deploy.0 = Debug|x86
		{1D8170E1-E595-42AF-A07B-8DF31987AFED}.Release|Any CPU.ActiveCfg = Release|x86
		{1D8170E1-E595-42AF-A07B-8DF31987AFED}.Release|ARM.ActiveCfg = Release|ARM
		{1D8170E1-E595-42AF-A07B-8DF31987AFED}.Release|ARM.Build.0 = Release|ARM
		{1D8170E1-E595-42AF-A07B-8DF31987AFED}.Release|ARM.Deploy.0 = Release|ARM
		{1D8170E1-E595-42AF-A07B-8DF31987AFED}.Release|iPhone.ActiveCfg = Release|x86
		{1D8170E1-E595-42AF-A07B-8DF31987AFED}.Release|iPhoneSimulator.ActiveCfg = Release|x86
		{1D8170E1-E595-42AF-A07B-8DF31987AFED}.Release|x64.ActiveCfg = Release|x64
		{1D8170E1-E595-42AF-A07B-8DF31987AFED}.Release|x64.Build.0 = Release|x64
		{1D8170E1-E595-42AF-A07B-8DF31987AFED}.Release|x64.Deploy.0 = Release|x64
		{1D8170E1-E595-42AF-A07B-8DF31987AFED}.Release|x86.ActiveCfg = Release|x86
		{1D8170E1-E595-42AF-A07B-8DF31987AFED}.Release|x86.Build.0 = Release|x86
		{1D8170E1-E595-42AF-A07B-8DF31987AFED}.Release|x86.Deploy.0 = Release|x86
		{2537E47B-28DD-42F3-9DDC-E8E6CEB79E9B}.Ad-Hoc|Any CPU.ActiveCfg = Debug|Any CPU
		{2537E47B-28DD-42F3-9DDC-E8E6CEB79E9B}.Ad-Hoc|Any CPU.Build.0 = Debug|Any CPU
		{2537E47B-28DD-42F3-9DDC-E8E6CEB79E9B}.Ad-Hoc|ARM.ActiveCfg = Debug|Any CPU
		{2537E47B-28DD-42F3-9DDC-E8E6CEB79E9B}.Ad-Hoc|ARM.Build.0 = Debug|Any CPU
		{2537E47B-28DD-42F3-9DDC-E8E6CEB79E9B}.Ad-Hoc|iPhone.ActiveCfg = Debug|Any CPU
		{2537E47B-28DD-42F3-9DDC-E8E6CEB79E9B}.Ad-Hoc|iPhone.Build.0 = Debug|Any CPU
		{2537E47B-28DD-42F3-9DDC-E8E6CEB79E9B}.Ad-Hoc|iPhoneSimulator.ActiveCfg = Debug|Any CPU
		{2537E47B-28DD-42F3-9DDC-E8E6CEB79E9B}.Ad-Hoc|iPhoneSimulator.Build.0 = Debug|Any CPU
		{2537E47B-28DD-42F3-9DDC-E8E6CEB79E9B}.Ad-Hoc|x64.ActiveCfg = Debug|Any CPU
		{2537E47B-28DD-42F3-9DDC-E8E6CEB79E9B}.Ad-Hoc|x64.Build.0 = Debug|Any CPU
		{2537E47B-28DD-42F3-9DDC-E8E6CEB79E9B}.Ad-Hoc|x86.ActiveCfg = Debug|Any CPU
		{2537E47B-28DD-42F3-9DDC-E8E6CEB79E9B}.Ad-Hoc|x86.Build.0 = Debug|Any CPU
		{2537E47B-28DD-42F3-9DDC-E8E6CEB79E9B}.AppStore|Any CPU.ActiveCfg = Debug|Any CPU
		{2537E47B-28DD-42F3-9DDC-E8E6CEB79E9B}.AppStore|Any CPU.Build.0 = Debug|Any CPU
		{2537E47B-28DD-42F3-9DDC-E8E6CEB79E9B}.AppStore|ARM.ActiveCfg = Debug|Any CPU
		{2537E47B-28DD-42F3-9DDC-E8E6CEB79E9B}.AppStore|ARM.Build.0 = Debug|Any CPU
		{2537E47B-28DD-42F3-9DDC-E8E6CEB79E9B}.AppStore|iPhone.ActiveCfg = Debug|Any CPU
		{2537E47B-28DD-42F3-9DDC-E8E6CEB79E9B}.AppStore|iPhone.Build.0 = Debug|Any CPU
		{2537E47B-28DD-42F3-9DDC-E8E6CEB79E9B}.AppStore|iPhoneSimulator.ActiveCfg = Debug|Any CPU
		{2537E47B-28DD-42F3-9DDC-E8E6CEB79E9B}.AppStore|iPhoneSimulator.Build.0 = Debug|Any CPU
		{2537E47B-28DD-42F3-9DDC-E8E6CEB79E9B}.AppStore|x64.ActiveCfg = Debug|Any CPU
		{2537E47B-28DD-42F3-9DDC-E8E6CEB79E9B}.AppStore|x64.Build.0 = Debug|Any CPU
		{2537E47B-28DD-42F3-9DDC-E8E6CEB79E9B}.AppStore|x86.ActiveCfg = Debug|Any CPU
		{2537E47B-28DD-42F3-9DDC-E8E6CEB79E9B}.AppStore|x86.Build.0 = Debug|Any CPU
		{2537E47B-28DD-42F3-9DDC-E8E6CEB79E9B}.Debug|Any CPU.ActiveCfg = Debug|Any CPU
		{2537E47B-28DD-42F3-9DDC-E8E6CEB79E9B}.Debug|Any CPU.Build.0 = Debug|Any CPU
		{2537E47B-28DD-42F3-9DDC-E8E6CEB79E9B}.Debug|ARM.ActiveCfg = Debug|Any CPU
		{2537E47B-28DD-42F3-9DDC-E8E6CEB79E9B}.Debug|ARM.Build.0 = Debug|Any CPU
		{2537E47B-28DD-42F3-9DDC-E8E6CEB79E9B}.Debug|iPhone.ActiveCfg = Debug|Any CPU
		{2537E47B-28DD-42F3-9DDC-E8E6CEB79E9B}.Debug|iPhone.Build.0 = Debug|Any CPU
		{2537E47B-28DD-42F3-9DDC-E8E6CEB79E9B}.Debug|iPhoneSimulator.ActiveCfg = Debug|Any CPU
		{2537E47B-28DD-42F3-9DDC-E8E6CEB79E9B}.Debug|iPhoneSimulator.Build.0 = Debug|Any CPU
		{2537E47B-28DD-42F3-9DDC-E8E6CEB79E9B}.Debug|x64.ActiveCfg = Debug|Any CPU
		{2537E47B-28DD-42F3-9DDC-E8E6CEB79E9B}.Debug|x64.Build.0 = Debug|Any CPU
		{2537E47B-28DD-42F3-9DDC-E8E6CEB79E9B}.Debug|x86.ActiveCfg = Debug|Any CPU
		{2537E47B-28DD-42F3-9DDC-E8E6CEB79E9B}.Debug|x86.Build.0 = Debug|Any CPU
		{2537E47B-28DD-42F3-9DDC-E8E6CEB79E9B}.Release|Any CPU.ActiveCfg = Release|Any CPU
		{2537E47B-28DD-42F3-9DDC-E8E6CEB79E9B}.Release|Any CPU.Build.0 = Release|Any CPU
		{2537E47B-28DD-42F3-9DDC-E8E6CEB79E9B}.Release|ARM.ActiveCfg = Release|Any CPU
		{2537E47B-28DD-42F3-9DDC-E8E6CEB79E9B}.Release|ARM.Build.0 = Release|Any CPU
		{2537E47B-28DD-42F3-9DDC-E8E6CEB79E9B}.Release|iPhone.ActiveCfg = Release|Any CPU
		{2537E47B-28DD-42F3-9DDC-E8E6CEB79E9B}.Release|iPhone.Build.0 = Release|Any CPU
		{2537E47B-28DD-42F3-9DDC-E8E6CEB79E9B}.Release|iPhoneSimulator.ActiveCfg = Release|Any CPU
		{2537E47B-28DD-42F3-9DDC-E8E6CEB79E9B}.Release|iPhoneSimulator.Build.0 = Release|Any CPU
		{2537E47B-28DD-42F3-9DDC-E8E6CEB79E9B}.Release|x64.ActiveCfg = Release|Any CPU
		{2537E47B-28DD-42F3-9DDC-E8E6CEB79E9B}.Release|x64.Build.0 = Release|Any CPU
		{2537E47B-28DD-42F3-9DDC-E8E6CEB79E9B}.Release|x86.ActiveCfg = Release|Any CPU
		{2537E47B-28DD-42F3-9DDC-E8E6CEB79E9B}.Release|x86.Build.0 = Release|Any CPU
	EndGlobalSection
	GlobalSection(SolutionProperties) = preSolution
		HideSolutionNode = FALSE
	EndGlobalSection
	GlobalSection(ExtensibilityGlobals) = postSolution
		SolutionGuid = {30B7A786-7703-4C69-AA38-55649C8D3C25}
	EndGlobalSection
EndGlobal
